// !$*UTF8*$!
{
	archiveVersion = 1;
	classes = {
	};
	objectVersion = 50;
	objects = {

/* Begin PBXBuildFile section */
		27AD0204231ABE7E0044831A /* AppDelegate.swift in Sources */ = {isa = PBXBuildFile; fileRef = 27AD0203231ABE7E0044831A /* AppDelegate.swift */; };
		27AD0206231ABE7E0044831A /* TedTalkListViewController.swift in Sources */ = {isa = PBXBuildFile; fileRef = 27AD0205231ABE7E0044831A /* TedTalkListViewController.swift */; };
		27AD0209231ABE7E0044831A /* Main.storyboard in Resources */ = {isa = PBXBuildFile; fileRef = 27AD0207231ABE7E0044831A /* Main.storyboard */; };
		27AD020B231ABE7F0044831A /* Assets.xcassets in Resources */ = {isa = PBXBuildFile; fileRef = 27AD020A231ABE7F0044831A /* Assets.xcassets */; };
		27AD020E231ABE7F0044831A /* LaunchScreen.storyboard in Resources */ = {isa = PBXBuildFile; fileRef = 27AD020C231ABE7F0044831A /* LaunchScreen.storyboard */; };
		27AD021C231AC27A0044831A /* AppConstants.swift in Sources */ = {isa = PBXBuildFile; fileRef = 27AD021B231AC27A0044831A /* AppConstants.swift */; };
		27AD0220231AC3890044831A /* TedTalkVOs.swift in Sources */ = {isa = PBXBuildFile; fileRef = 27AD021F231AC3890044831A /* TedTalkVOs.swift */; };
		27AD0223231AC8400044831A /* TalkItemTableViewCell.swift in Sources */ = {isa = PBXBuildFile; fileRef = 27AD0221231AC8400044831A /* TalkItemTableViewCell.swift */; };
		27AD0224231AC8400044831A /* TalkItemTableViewCell.xib in Resources */ = {isa = PBXBuildFile; fileRef = 27AD0222231AC8400044831A /* TalkItemTableViewCell.xib */; };
		27AD0226231ACE2B0044831A /* DetailViewController.swift in Sources */ = {isa = PBXBuildFile; fileRef = 27AD0225231ACE2B0044831A /* DetailViewController.swift */; };
		27AD0229231AD4260044831A /* Routers.swift in Sources */ = {isa = PBXBuildFile; fileRef = 27AD0228231AD4260044831A /* Routers.swift */; };
		E5F04591A3CBEC770E598E3E /* Pods_TedTalk.framework in Frameworks */ = {isa = PBXBuildFile; fileRef = A22493B9583A65AD6F19007F /* Pods_TedTalk.framework */; };
/* End PBXBuildFile section */

/* Begin PBXFileReference section */
		27AD0200231ABE7E0044831A /* TedTalk.app */ = {isa = PBXFileReference; explicitFileType = wrapper.application; includeInIndex = 0; path = TedTalk.app; sourceTree = BUILT_PRODUCTS_DIR; };
		27AD0203231ABE7E0044831A /* AppDelegate.swift */ = {isa = PBXFileReference; lastKnownFileType = sourcecode.swift; path = AppDelegate.swift; sourceTree = "<group>"; };
		27AD0205231ABE7E0044831A /* TedTalkListViewController.swift */ = {isa = PBXFileReference; lastKnownFileType = sourcecode.swift; path = TedTalkListViewController.swift; sourceTree = "<group>"; };
		27AD0208231ABE7E0044831A /* Base */ = {isa = PBXFileReference; lastKnownFileType = file.storyboard; name = Base; path = Base.lproj/Main.storyboard; sourceTree = "<group>"; };
		27AD020A231ABE7F0044831A /* Assets.xcassets */ = {isa = PBXFileReference; lastKnownFileType = folder.assetcatalog; path = Assets.xcassets; sourceTree = "<group>"; };
		27AD020D231ABE7F0044831A /* Base */ = {isa = PBXFileReference; lastKnownFileType = file.storyboard; name = Base; path = Base.lproj/LaunchScreen.storyboard; sourceTree = "<group>"; };
		27AD020F231ABE7F0044831A /* Info.plist */ = {isa = PBXFileReference; lastKnownFileType = text.plist.xml; path = Info.plist; sourceTree = "<group>"; };
		27AD021B231AC27A0044831A /* AppConstants.swift */ = {isa = PBXFileReference; lastKnownFileType = sourcecode.swift; path = AppConstants.swift; sourceTree = "<group>"; };
		27AD021F231AC3890044831A /* TedTalkVOs.swift */ = {isa = PBXFileReference; lastKnownFileType = sourcecode.swift; path = TedTalkVOs.swift; sourceTree = "<group>"; };
		27AD0221231AC8400044831A /* TalkItemTableViewCell.swift */ = {isa = PBXFileReference; lastKnownFileType = sourcecode.swift; path = TalkItemTableViewCell.swift; sourceTree = "<group>"; };
		27AD0222231AC8400044831A /* TalkItemTableViewCell.xib */ = {isa = PBXFileReference; lastKnownFileType = file.xib; path = TalkItemTableViewCell.xib; sourceTree = "<group>"; };
		27AD0225231ACE2B0044831A /* DetailViewController.swift */ = {isa = PBXFileReference; lastKnownFileType = sourcecode.swift; path = DetailViewController.swift; sourceTree = "<group>"; };
		27AD0228231AD4260044831A /* Routers.swift */ = {isa = PBXFileReference; lastKnownFileType = sourcecode.swift; path = Routers.swift; sourceTree = "<group>"; };
		A22493B9583A65AD6F19007F /* Pods_TedTalk.framework */ = {isa = PBXFileReference; explicitFileType = wrapper.framework; includeInIndex = 0; path = Pods_TedTalk.framework; sourceTree = BUILT_PRODUCTS_DIR; };
		C30CB1372768E5AC95FA6FF8 /* Pods-TedTalk.debug.xcconfig */ = {isa = PBXFileReference; includeInIndex = 1; lastKnownFileType = text.xcconfig; name = "Pods-TedTalk.debug.xcconfig"; path = "Target Support Files/Pods-TedTalk/Pods-TedTalk.debug.xcconfig"; sourceTree = "<group>"; };
		D7939AB8C99C43B9D56FC85A /* Pods-TedTalk.release.xcconfig */ = {isa = PBXFileReference; includeInIndex = 1; lastKnownFileType = text.xcconfig; name = "Pods-TedTalk.release.xcconfig"; path = "Target Support Files/Pods-TedTalk/Pods-TedTalk.release.xcconfig"; sourceTree = "<group>"; };
/* End PBXFileReference section */

/* Begin PBXFrameworksBuildPhase section */
		27AD01FD231ABE7E0044831A /* Frameworks */ = {
			isa = PBXFrameworksBuildPhase;
			buildActionMask = 2147483647;
			files = (
				E5F04591A3CBEC770E598E3E /* Pods_TedTalk.framework in Frameworks */,
			);
			runOnlyForDeploymentPostprocessing = 0;
		};
/* End PBXFrameworksBuildPhase section */

/* Begin PBXGroup section */
		0B7975D726704A1476875CCF /* Pods */ = {
			isa = PBXGroup;
			children = (
				C30CB1372768E5AC95FA6FF8 /* Pods-TedTalk.debug.xcconfig */,
				D7939AB8C99C43B9D56FC85A /* Pods-TedTalk.release.xcconfig */,
			);
			name = Pods;
			path = Pods;
			sourceTree = "<group>";
		};
		27AD01F7231ABE7E0044831A = {
			isa = PBXGroup;
			children = (
				27AD0202231ABE7E0044831A /* TedTalk */,
				27AD0201231ABE7E0044831A /* Products */,
				0B7975D726704A1476875CCF /* Pods */,
				8413820A4A380C933718EB6D /* Frameworks */,
			);
			sourceTree = "<group>";
		};
		27AD0201231ABE7E0044831A /* Products */ = {
			isa = PBXGroup;
			children = (
				27AD0200231ABE7E0044831A /* TedTalk.app */,
			);
			name = Products;
			sourceTree = "<group>";
		};
		27AD0202231ABE7E0044831A /* TedTalk */ = {
			isa = PBXGroup;
			children = (
				27AD021D231AC3760044831A /* data */,
				27AD021A231AC2640044831A /* utils */,
				27AD0218231AC1A00044831A /* viewControllers */,
				27AD0215231AC1910044831A /* cells */,
				27AD0203231ABE7E0044831A /* AppDelegate.swift */,
				27AD0207231ABE7E0044831A /* Main.storyboard */,
				27AD020A231ABE7F0044831A /* Assets.xcassets */,
				27AD020C231ABE7F0044831A /* LaunchScreen.storyboard */,
				27AD020F231ABE7F0044831A /* Info.plist */,
			);
			path = TedTalk;
			sourceTree = "<group>";
		};
		27AD0215231AC1910044831A /* cells */ = {
			isa = PBXGroup;
			children = (
				27AD0217231AC19B0044831A /* swifts */,
				27AD0216231AC1970044831A /* xibs */,
			);
			path = cells;
			sourceTree = "<group>";
		};
		27AD0216231AC1970044831A /* xibs */ = {
			isa = PBXGroup;
			children = (
				27AD0222231AC8400044831A /* TalkItemTableViewCell.xib */,
			);
			path = xibs;
			sourceTree = "<group>";
		};
		27AD0217231AC19B0044831A /* swifts */ = {
			isa = PBXGroup;
			children = (
				27AD0221231AC8400044831A /* TalkItemTableViewCell.swift */,
			);
			path = swifts;
			sourceTree = "<group>";
		};
		27AD0218231AC1A00044831A /* viewControllers */ = {
			isa = PBXGroup;
			children = (
				27AD0205231ABE7E0044831A /* TedTalkListViewController.swift */,
				27AD0225231ACE2B0044831A /* DetailViewController.swift */,
			);
			path = viewControllers;
			sourceTree = "<group>";
		};
		27AD021A231AC2640044831A /* utils */ = {
			isa = PBXGroup;
			children = (
				27AD021B231AC27A0044831A /* AppConstants.swift */,
				27AD0228231AD4260044831A /* Routers.swift */,
			);
			path = utils;
			sourceTree = "<group>";
		};
		27AD021D231AC3760044831A /* data */ = {
			isa = PBXGroup;
			children = (
				27AD021E231AC37B0044831A /* vos */,
			);
			path = data;
			sourceTree = "<group>";
		};
		27AD021E231AC37B0044831A /* vos */ = {
			isa = PBXGroup;
			children = (
				27AD021F231AC3890044831A /* TedTalkVOs.swift */,
			);
			path = vos;
			sourceTree = "<group>";
		};
		8413820A4A380C933718EB6D /* Frameworks */ = {
			isa = PBXGroup;
			children = (
				A22493B9583A65AD6F19007F /* Pods_TedTalk.framework */,
			);
			name = Frameworks;
			sourceTree = "<group>";
		};
/* End PBXGroup section */

/* Begin PBXNativeTarget section */
		27AD01FF231ABE7E0044831A /* TedTalk */ = {
			isa = PBXNativeTarget;
			buildConfigurationList = 27AD0212231ABE7F0044831A /* Build configuration list for PBXNativeTarget "TedTalk" */;
			buildPhases = (
				ECE3999F58A8D9518CE98515 /* [CP] Check Pods Manifest.lock */,
				27AD01FC231ABE7E0044831A /* Sources */,
				27AD01FD231ABE7E0044831A /* Frameworks */,
				27AD01FE231ABE7E0044831A /* Resources */,
				E6EB7F554A731B8087401AA4 /* [CP] Embed Pods Frameworks */,
			);
			buildRules = (
			);
			dependencies = (
			);
			name = TedTalk;
			productName = TedTalk;
			productReference = 27AD0200231ABE7E0044831A /* TedTalk.app */;
			productType = "com.apple.product-type.application";
		};
/* End PBXNativeTarget section */

/* Begin PBXProject section */
		27AD01F8231ABE7E0044831A /* Project object */ = {
			isa = PBXProject;
			attributes = {
				LastSwiftUpdateCheck = 1020;
				LastUpgradeCheck = 1020;
				ORGANIZATIONNAME = Sandi;
				TargetAttributes = {
					27AD01FF231ABE7E0044831A = {
						CreatedOnToolsVersion = 10.2.1;
					};
				};
			};
			buildConfigurationList = 27AD01FB231ABE7E0044831A /* Build configuration list for PBXProject "TedTalk" */;
			compatibilityVersion = "Xcode 9.3";
			developmentRegion = en;
			hasScannedForEncodings = 0;
			knownRegions = (
				en,
				Base,
			);
			mainGroup = 27AD01F7231ABE7E0044831A;
			productRefGroup = 27AD0201231ABE7E0044831A /* Products */;
			projectDirPath = "";
			projectRoot = "";
			targets = (
				27AD01FF231ABE7E0044831A /* TedTalk */,
			);
		};
/* End PBXProject section */

/* Begin PBXResourcesBuildPhase section */
		27AD01FE231ABE7E0044831A /* Resources */ = {
			isa = PBXResourcesBuildPhase;
			buildActionMask = 2147483647;
			files = (
				27AD0224231AC8400044831A /* TalkItemTableViewCell.xib in Resources */,
				27AD020E231ABE7F0044831A /* LaunchScreen.storyboard in Resources */,
				27AD020B231ABE7F0044831A /* Assets.xcassets in Resources */,
				27AD0209231ABE7E0044831A /* Main.storyboard in Resources */,
			);
			runOnlyForDeploymentPostprocessing = 0;
		};
/* End PBXResourcesBuildPhase section */

/* Begin PBXShellScriptBuildPhase section */
		E6EB7F554A731B8087401AA4 /* [CP] Embed Pods Frameworks */ = {
			isa = PBXShellScriptBuildPhase;
			buildActionMask = 2147483647;
			files = (
			);
			inputFileListPaths = (
				"${PODS_ROOT}/Target Support Files/Pods-TedTalk/Pods-TedTalk-frameworks-${CONFIGURATION}-input-files.xcfilelist",
			);
			name = "[CP] Embed Pods Frameworks";
			outputFileListPaths = (
				"${PODS_ROOT}/Target Support Files/Pods-TedTalk/Pods-TedTalk-frameworks-${CONFIGURATION}-output-files.xcfilelist",
			);
			runOnlyForDeploymentPostprocessing = 0;
			shellPath = /bin/sh;
			shellScript = "\"${PODS_ROOT}/Target Support Files/Pods-TedTalk/Pods-TedTalk-frameworks.sh\"\n";
			showEnvVarsInLog = 0;
		};
		ECE3999F58A8D9518CE98515 /* [CP] Check Pods Manifest.lock */ = {
			isa = PBXShellScriptBuildPhase;
			buildActionMask = 2147483647;
			files = (
			);
			inputFileListPaths = (
			);
			inputPaths = (
				"${PODS_PODFILE_DIR_PATH}/Podfile.lock",
				"${PODS_ROOT}/Manifest.lock",
			);
			name = "[CP] Check Pods Manifest.lock";
			outputFileListPaths = (
			);
			outputPaths = (
				"$(DERIVED_FILE_DIR)/Pods-TedTalk-checkManifestLockResult.txt",
			);
			runOnlyForDeploymentPostprocessing = 0;
			shellPath = /bin/sh;
			shellScript = "diff \"${PODS_PODFILE_DIR_PATH}/Podfile.lock\" \"${PODS_ROOT}/Manifest.lock\" > /dev/null\nif [ $? != 0 ] ; then\n    # print error to STDERR\n    echo \"error: The sandbox is not in sync with the Podfile.lock. Run 'pod install' or update your CocoaPods installation.\" >&2\n    exit 1\nfi\n# This output is used by Xcode 'outputs' to avoid re-running this script phase.\necho \"SUCCESS\" > \"${SCRIPT_OUTPUT_FILE_0}\"\n";
			showEnvVarsInLog = 0;
		};
/* End PBXShellScriptBuildPhase section */

/* Begin PBXSourcesBuildPhase section */
		27AD01FC231ABE7E0044831A /* Sources */ = {
			isa = PBXSourcesBuildPhase;
			buildActionMask = 2147483647;
			files = (
				27AD0220231AC3890044831A /* TedTalkVOs.swift in Sources */,
				27AD0206231ABE7E0044831A /* TedTalkListViewController.swift in Sources */,
				27AD0229231AD4260044831A /* Routers.swift in Sources */,
				27AD021C231AC27A0044831A /* AppConstants.swift in Sources */,
				27AD0226231ACE2B0044831A /* DetailViewController.swift in Sources */,
				27AD0204231ABE7E0044831A /* AppDelegate.swift in Sources */,
				27AD0223231AC8400044831A /* TalkItemTableViewCell.swift in Sources */,
			);
			runOnlyForDeploymentPostprocessing = 0;
		};
/* End PBXSourcesBuildPhase section */

/* Begin PBXVariantGroup section */
		27AD0207231ABE7E0044831A /* Main.storyboard */ = {
			isa = PBXVariantGroup;
			children = (
				27AD0208231ABE7E0044831A /* Base */,
			);
			name = Main.storyboard;
			sourceTree = "<group>";
		};
		27AD020C231ABE7F0044831A /* LaunchScreen.storyboard */ = {
			isa = PBXVariantGroup;
			children = (
				27AD020D231ABE7F0044831A /* Base */,
			);
			name = LaunchScreen.storyboard;
			sourceTree = "<group>";
		};
/* End PBXVariantGroup section */

/* Begin XCBuildConfiguration section */
		27AD0210231ABE7F0044831A /* Debug */ = {
			isa = XCBuildConfiguration;
			buildSettings = {
				ALWAYS_SEARCH_USER_PATHS = NO;
				CLANG_ANALYZER_NONNULL = YES;
				CLANG_ANALYZER_NUMBER_OBJECT_CONVERSION = YES_AGGRESSIVE;
				CLANG_CXX_LANGUAGE_STANDARD = "gnu++14";
				CLANG_CXX_LIBRARY = "libc++";
				CLANG_ENABLE_MODULES = YES;
				CLANG_ENABLE_OBJC_ARC = YES;
				CLANG_ENABLE_OBJC_WEAK = YES;
				CLANG_WARN_BLOCK_CAPTURE_AUTORELEASING = YES;
				CLANG_WARN_BOOL_CONVERSION = YES;
				CLANG_WARN_COMMA = YES;
				CLANG_WARN_CONSTANT_CONVERSION = YES;
				CLANG_WARN_DEPRECATED_OBJC_IMPLEMENTATIONS = YES;
				CLANG_WARN_DIRECT_OBJC_ISA_USAGE = YES_ERROR;
				CLANG_WARN_DOCUMENTATION_COMMENTS = YES;
				CLANG_WARN_EMPTY_BODY = YES;
				CLANG_WARN_ENUM_CONVERSION = YES;
				CLANG_WARN_INFINITE_RECURSION = YES;
				CLANG_WARN_INT_CONVERSION = YES;
				CLANG_WARN_NON_LITERAL_NULL_CONVERSION = YES;
				CLANG_WARN_OBJC_IMPLICIT_RETAIN_SELF = YES;
				CLANG_WARN_OBJC_LITERAL_CONVERSION = YES;
				CLANG_WARN_OBJC_ROOT_CLASS = YES_ERROR;
				CLANG_WARN_RANGE_LOOP_ANALYSIS = YES;
				CLANG_WARN_STRICT_PROTOTYPES = YES;
				CLANG_WARN_SUSPICIOUS_MOVE = YES;
				CLANG_WARN_UNGUARDED_AVAILABILITY = YES_AGGRESSIVE;
				CLANG_WARN_UNREACHABLE_CODE = YES;
				CLANG_WARN__DUPLICATE_METHOD_MATCH = YES;
				CODE_SIGN_IDENTITY = "iPhone Developer";
				COPY_PHASE_STRIP = NO;
				DEBUG_INFORMATION_FORMAT = dwarf;
				ENABLE_STRICT_OBJC_MSGSEND = YES;
				ENABLE_TESTABILITY = YES;
				GCC_C_LANGUAGE_STANDARD = gnu11;
				GCC_DYNAMIC_NO_PIC = NO;
				GCC_NO_COMMON_BLOCKS = YES;
				GCC_OPTIMIZATION_LEVEL = 0;
				GCC_PREPROCESSOR_DEFINITIONS = (
					"DEBUG=1",
					"$(inherited)",
				);
				GCC_WARN_64_TO_32_BIT_CONVERSION = YES;
				GCC_WARN_ABOUT_RETURN_TYPE = YES_ERROR;
				GCC_WARN_UNDECLARED_SELECTOR = YES;
				GCC_WARN_UNINITIALIZED_AUTOS = YES_AGGRESSIVE;
				GCC_WARN_UNUSED_FUNCTION = YES;
				GCC_WARN_UNUSED_VARIABLE = YES;
				IPHONEOS_DEPLOYMENT_TARGET = 12.2;
				MTL_ENABLE_DEBUG_INFO = INCLUDE_SOURCE;
				MTL_FAST_MATH = YES;
				ONLY_ACTIVE_ARCH = YES;
				SDKROOT = iphoneos;
				SWIFT_ACTIVE_COMPILATION_CONDITIONS = DEBUG;
				SWIFT_OPTIMIZATION_LEVEL = "-Onone";
			};
			name = Debug;
		};
		27AD0211231ABE7F0044831A /* Release */ = {
			isa = XCBuildConfiguration;
			buildSettings = {
				ALWAYS_SEARCH_USER_PATHS = NO;
				CLANG_ANALYZER_NONNULL = YES;
				CLANG_ANALYZER_NUMBER_OBJECT_CONVERSION = YES_AGGRESSIVE;
				CLANG_CXX_LANGUAGE_STANDARD = "gnu++14";
				CLANG_CXX_LIBRARY = "libc++";
				CLANG_ENABLE_MODULES = YES;
				CLANG_ENABLE_OBJC_ARC = YES;
				CLANG_ENABLE_OBJC_WEAK = YES;
				CLANG_WARN_BLOCK_CAPTURE_AUTORELEASING = YES;
				CLANG_WARN_BOOL_CONVERSION = YES;
				CLANG_WARN_COMMA = YES;
				CLANG_WARN_CONSTANT_CONVERSION = YES;
				CLANG_WARN_DEPRECATED_OBJC_IMPLEMENTATIONS = YES;
				CLANG_WARN_DIRECT_OBJC_ISA_USAGE = YES_ERROR;
				CLANG_WARN_DOCUMENTATION_COMMENTS = YES;
				CLANG_WARN_EMPTY_BODY = YES;
				CLANG_WARN_ENUM_CONVERSION = YES;
				CLANG_WARN_INFINITE_RECURSION = YES;
				CLANG_WARN_INT_CONVERSION = YES;
				CLANG_WARN_NON_LITERAL_NULL_CONVERSION = YES;
				CLANG_WARN_OBJC_IMPLICIT_RETAIN_SELF = YES;
				CLANG_WARN_OBJC_LITERAL_CONVERSION = YES;
				CLANG_WARN_OBJC_ROOT_CLASS = YES_ERROR;
				CLANG_WARN_RANGE_LOOP_ANALYSIS = YES;
				CLANG_WARN_STRICT_PROTOTYPES = YES;
				CLANG_WARN_SUSPICIOUS_MOVE = YES;
				CLANG_WARN_UNGUARDED_AVAILABILITY = YES_AGGRESSIVE;
				CLANG_WARN_UNREACHABLE_CODE = YES;
				CLANG_WARN__DUPLICATE_METHOD_MATCH = YES;
				CODE_SIGN_IDENTITY = "iPhone Developer";
				COPY_PHASE_STRIP = NO;
				DEBUG_INFORMATION_FORMAT = "dwarf-with-dsym";
				ENABLE_NS_ASSERTIONS = NO;
				ENABLE_STRICT_OBJC_MSGSEND = YES;
				GCC_C_LANGUAGE_STANDARD = gnu11;
				GCC_NO_COMMON_BLOCKS = YES;
				GCC_WARN_64_TO_32_BIT_CONVERSION = YES;
				GCC_WARN_ABOUT_RETURN_TYPE = YES_ERROR;
				GCC_WARN_UNDECLARED_SELECTOR = YES;
				GCC_WARN_UNINITIALIZED_AUTOS = YES_AGGRESSIVE;
				GCC_WARN_UNUSED_FUNCTION = YES;
				GCC_WARN_UNUSED_VARIABLE = YES;
				IPHONEOS_DEPLOYMENT_TARGET = 12.2;
				MTL_ENABLE_DEBUG_INFO = NO;
				MTL_FAST_MATH = YES;
				SDKROOT = iphoneos;
				SWIFT_COMPILATION_MODE = wholemodule;
				SWIFT_OPTIMIZATION_LEVEL = "-O";
				VALIDATE_PRODUCT = YES;
			};
			name = Release;
		};
		27AD0213231ABE7F0044831A /* Debug */ = {
			isa = XCBuildConfiguration;
			baseConfigurationReference = C30CB1372768E5AC95FA6FF8 /* Pods-TedTalk.debug.xcconfig */;
			buildSettings = {
				ASSETCATALOG_COMPILER_APPICON_NAME = AppIcon;
				CODE_SIGN_STYLE = Automatic;
				DEVELOPMENT_TEAM = 9H5647C7NK;
				INFOPLIST_FILE = TedTalk/Info.plist;
				LD_RUNPATH_SEARCH_PATHS = (
					"$(inherited)",
					"@executable_path/Frameworks",
				);
				PRODUCT_BUNDLE_IDENTIFIER = com.demo.void.TedTalk;
				PRODUCT_NAME = "$(TARGET_NAME)";
				SWIFT_VERSION = 5.0;
				TARGETED_DEVICE_FAMILY = "1,2";
			};
			name = Debug;
		};
		27AD0214231ABE7F0044831A /* Release */ = {
			isa = XCBuildConfiguration;
			baseConfigurationReference = D7939AB8C99C43B9D56FC85A /* Pods-TedTalk.release.xcconfig */;
			buildSettings = {
				ASSETCATALOG_COMPILER_APPICON_NAME = AppIcon;
				CODE_SIGN_STYLE = Automatic;
				DEVELOPMENT_TEAM = 9H5647C7NK;
				INFOPLIST_FILE = TedTalk/Info.plist;
				LD_RUNPATH_SEARCH_PATHS = (
					"$(inherited)",
					"@executable_path/Frameworks",
				);
				PRODUCT_BUNDLE_IDENTIFIER = com.demo.void.TedTalk;
				PRODUCT_NAME = "$(TARGET_NAME)";
				SWIFT_VERSION = 5.0;
				TARGETED_DEVICE_FAMILY = "1,2";
			};
			name = Release;
		};
/* End XCBuildConfiguration section */

/* Begin XCConfigurationList section */
		27AD01FB231ABE7E0044831A /* Build configuration list for PBXProject "TedTalk" */ = {
			isa = XCConfigurationList;
			buildConfigurations = (
				27AD0210231ABE7F0044831A /* Debug */,
				27AD0211231ABE7F0044831A /* Release */,
			);
			defaultConfigurationIsVisible = 0;
			defaultConfigurationName = Release;
		};
		27AD0212231ABE7F0044831A /* Build configuration list for PBXNativeTarget "TedTalk" */ = {
			isa = XCConfigurationList;
			buildConfigurations = (
				27AD0213231ABE7F0044831A /* Debug */,
				27AD0214231ABE7F0044831A /* Release */,
			);
			defaultConfigurationIsVisible = 0;
			defaultConfigurationName = Release;
		};
/* End XCConfigurationList section */
	};
	rootObject = 27AD01F8231ABE7E0044831A /* Project object */;
}
